{
  "requires": true,
  "lockfileVersion": 1,
  "dependencies": {
    "jquery": {
      "version": "3.3.1",
      "resolved": "https://registry.npmjs.org/jquery/-/jquery-3.3.1.tgz",
      "integrity": "sha512-Ubldcmxp5np52/ENotGxlLe6aGMvmF4R8S6tZjsP6Knsaxd/xp3Zrh50cG93lR6nPXyUFwzN3ZSOQI0wRJNdGg=="
    },
    "paper": {
      "version": "0.11.5",
      "resolved": "https://registry.npmjs.org/paper/-/paper-0.11.5.tgz",
      "integrity": "sha512-nvzLB10Ll0gE6MZ7lMOTiJMGVuwF1iGSTGkndCxIs6aar8TQnjxlgYMGP3IkuKpIE9mJ4Op5VTquyroB4BDK6Q=="
    },
    "pdfobject": {
      "version": "2.0.201604172",
      "resolved": "https://registry.npmjs.org/pdfobject/-/pdfobject-2.0.201604172.tgz",
      "integrity": "sha1-ES7fk7mL4SGl54Cwbn9feK0xqz8="
    },
    "typed.js": {
      "version": "2.0.10",
      "resolved": "https://registry.npmjs.org/typed.js/-/typed.js-2.0.10.tgz",
      "integrity": "sha512-tpK+LRm5FM2GAIWWWogbOc4QRlctS425Ef1PCQKbj/G9wyig+Zt+20eLruK7CBPR+DEl/ou4uSfpwRETCSmk4A=="
    }
  }
}
